
Microsoft Visual Studio Solution File, Format Version 12.00
# Visual Studio Version 17
VisualStudioVersion = 17.1.32328.378
MinimumVisualStudioVersion = 10.0.40219.1
Project("{FAE04EC0-301F-11D3-BF4B-00C04F79EFBC}") = "AlunosApi", "AlunosApi\AlunosApi.csproj", "{58D28BC1-6A86-4905-AAD0-AB5C68E5C2D0}"
EndProject
Global
	GlobalSection(SolutionConfigurationPlatforms) = preSolution
		Debug|Any CPU = Debug|Any CPU
		Release|Any CPU = Release|Any CPU
	EndGlobalSection
	GlobalSection(ProjectConfigurationPlatforms) = postSolution
		{58D28BC1-6A86-4905-AAD0-AB5C68E5C2D0}.Debug|Any CPU.ActiveCfg = Debug|Any CPU
		{58D28BC1-6A86-4905-AAD0-AB5C68E5C2D0}.Debug|Any CPU.Build.0 = Debug|Any CPU
		{58D28BC1-6A86-4905-AAD0-AB5C68E5C2D0}.Release|Any CPU.ActiveCfg = Release|Any CPU
		{58D28BC1-6A86-4905-AAD0-AB5C68E5C2D0}.Release|Any CPU.Build.0 = Release|Any CPU
	EndGlobalSection
	GlobalSection(SolutionProperties) = preSolution
		HideSolutionNode = FALSE
	EndGlobalSection
	GlobalSection(ExtensibilityGlobals) = postSolution
		SolutionGuid = {B243E4C3-A686-43E4-8E92-B0AFBD3D63C2}
	EndGlobalSection
EndGlobal
